{
  "name": "DIN",
  "version": "0.0.1",
  "lockfileVersion": 1,
  "requires": true,
  "dependencies": {
    "assertion-error": {
      "version": "1.0.2",
      "resolved": "https://registry.npmjs.org/assertion-error/-/assertion-error-1.0.2.tgz",
      "integrity": "sha1-E8pRXYYgbaC6xm6DTdOX2HWBCUw="
    },
    "babel-polyfill": {
      "version": "6.26.0",
      "resolved": "https://registry.npmjs.org/babel-polyfill/-/babel-polyfill-6.26.0.tgz",
      "integrity": "sha1-N5k3q8Z9eJWXCtxiHyhM2WbPIVM=",
      "requires": {
        "babel-runtime": "6.26.0",
        "core-js": "2.5.1",
        "regenerator-runtime": "0.10.5"
      }
    },
    "babel-runtime": {
      "version": "6.26.0",
      "resolved": "https://registry.npmjs.org/babel-runtime/-/babel-runtime-6.26.0.tgz",
      "integrity": "sha1-llxwWGaOgrVde/4E/yM3vItWR/4=",
      "requires": {
        "core-js": "2.5.1",
        "regenerator-runtime": "0.11.0"
      },
      "dependencies": {
        "regenerator-runtime": {
          "version": "0.11.0",
          "resolved": "https://registry.npmjs.org/regenerator-runtime/-/regenerator-runtime-0.11.0.tgz",
          "integrity": "sha512-/aA0kLeRb5N9K0d4fw7ooEbI+xDe+DKD499EQqygGqeS8N3xto15p09uY2xj7ixP81sNPXvRLnAQIqdVStgb1A=="
        }
      }
    },
    "bluebird": {
      "version": "3.5.0",
      "resolved": "https://registry.npmjs.org/bluebird/-/bluebird-3.5.0.tgz",
      "integrity": "sha1-eRQg1/VR7qKJdFOop3ZT+WYG1nw="
    },
    "chai": {
      "version": "4.1.2",
      "resolved": "https://registry.npmjs.org/chai/-/chai-4.1.2.tgz",
      "integrity": "sha1-D2RYS6ZC8PKs4oBiefTwbKI61zw=",
      "requires": {
        "assertion-error": "1.0.2",
        "check-error": "1.0.2",
        "deep-eql": "3.0.1",
        "get-func-name": "2.0.0",
        "pathval": "1.1.0",
        "type-detect": "4.0.3"
      }
    },
    "check-error": {
      "version": "1.0.2",
      "resolved": "https://registry.npmjs.org/check-error/-/check-error-1.0.2.tgz",
      "integrity": "sha1-V00xLt2Iu13YkS6Sht1sCu1KrII="
    },
    "core-js": {
      "version": "2.5.1",
      "resolved": "https://registry.npmjs.org/core-js/-/core-js-2.5.1.tgz",
      "integrity": "sha1-rmh03GaTd4m4B1T/VCjfZoGcpQs="
    },
    "deep-eql": {
      "version": "3.0.1",
      "resolved": "https://registry.npmjs.org/deep-eql/-/deep-eql-3.0.1.tgz",
      "integrity": "sha512-+QeIQyN5ZuO+3Uk5DYh6/1eKO0m0YmJFGNmFHGACpf1ClL1nmlV/p4gNgbl2pJGxgXb4faqo6UE+M5ACEMyVcw==",
      "requires": {
        "type-detect": "4.0.3"
      }
    },
    "get-func-name": {
      "version": "2.0.0",
      "resolved": "https://registry.npmjs.org/get-func-name/-/get-func-name-2.0.0.tgz",
      "integrity": "sha1-6td0q+5y4gQJQzoGY2YCPdaIekE="
    },
    "pathval": {
      "version": "1.1.0",
      "resolved": "https://registry.npmjs.org/pathval/-/pathval-1.1.0.tgz",
      "integrity": "sha1-uULm1L3mUwBe9rcTYd74cn0GReA="
    },
    "regenerator-runtime": {
      "version": "0.10.5",
      "resolved": "https://registry.npmjs.org/regenerator-runtime/-/regenerator-runtime-0.10.5.tgz",
      "integrity": "sha1-M2w+/BIgrc7dosn6tntaeVWjNlg="
    },
    "type-detect": {
      "version": "4.0.3",
      "resolved": "https://registry.npmjs.org/type-detect/-/type-detect-4.0.3.tgz",
      "integrity": "sha1-Dj8mcLRAmbC0bChNE2p+9Jx0wuo="
    },
    "zeppelin-solidity": {
      "version": "1.3.0",
      "resolved": "https://registry.npmjs.org/zeppelin-solidity/-/zeppelin-solidity-1.3.0.tgz",
      "integrity": "sha512-q+WyqvQjE5gpKgXrhD8LBh0Njg7GI/zs4lKX14y0j7ISJIxe68hihSjaMU05V0M0qAbxgRC43AFTt7CxNsO8nQ=="
    }
  }
}
